
Microsoft Visual Studio Solution File, Format Version 12.00
# Visual Studio Version 17
VisualStudioVersion = 17.7.34031.279
MinimumVisualStudioVersion = 10.0.40219.1
Project("{FAE04EC0-301F-11D3-BF4B-00C04F79EFBC}") = "NFaculteit", "NFaculteit\NFaculteit.csproj", "{74BBC5C2-A335-4843-B1F9-A6E27C246D58}"
EndProject
Global
	GlobalSection(SolutionConfigurationPlatforms) = preSolution
		Debug|Any CPU = Debug|Any CPU
		Release|Any CPU = Release|Any CPU
	EndGlobalSection
	GlobalSection(ProjectConfigurationPlatforms) = postSolution
		{74BBC5C2-A335-4843-B1F9-A6E27C246D58}.Debug|Any CPU.ActiveCfg = Debug|Any CPU
		{74BBC5C2-A335-4843-B1F9-A6E27C246D58}.Debug|Any CPU.Build.0 = Debug|Any CPU
		{74BBC5C2-A335-4843-B1F9-A6E27C246D58}.Release|Any CPU.ActiveCfg = Release|Any CPU
		{74BBC5C2-A335-4843-B1F9-A6E27C246D58}.Release|Any CPU.Build.0 = Release|Any CPU
	EndGlobalSection
	GlobalSection(SolutionProperties) = preSolution
		HideSolutionNode = FALSE
	EndGlobalSection
	GlobalSection(ExtensibilityGlobals) = postSolution
		SolutionGuid = {ADCFB6D1-648B-4749-A309-B7166D1FA7E9}
	EndGlobalSection
EndGlobal
